{
  "version": 3,
  "targets": {
    "net9.0/win-x64": {
      "roslynator.dotnet.cli/0.12.0": {
        "type": "package",
        "tools": {
          "tools/net9.0/any/BuildHost-net472/Microsoft.Build.Locator.dll": {},
          "tools/net9.0/any/BuildHost-net472/Microsoft.CodeAnalysis.Workspaces.MSBuild.BuildHost.exe": {},
          "tools/net9.0/any/BuildHost-net472/Microsoft.CodeAnalysis.Workspaces.MSBuild.BuildHost.exe.config": {},
          "tools/net9.0/any/BuildHost-net472/Microsoft.IO.Redist.dll": {},
          "tools/net9.0/any/BuildHost-net472/Newtonsoft.Json.dll": {},
          "tools/net9.0/any/BuildHost-net472/System.Buffers.dll": {},
          "tools/net9.0/any/BuildHost-net472/System.Collections.Immutable.dll": {},
          "tools/net9.0/any/BuildHost-net472/System.CommandLine.dll": {},
          "tools/net9.0/any/BuildHost-net472/System.Memory.dll": {},
          "tools/net9.0/any/BuildHost-net472/System.Numerics.Vectors.dll": {},
          "tools/net9.0/any/BuildHost-net472/System.Runtime.CompilerServices.Unsafe.dll": {},
          "tools/net9.0/any/BuildHost-net472/System.Threading.Tasks.Extensions.dll": {},
          "tools/net9.0/any/BuildHost-net472/cs/System.CommandLine.resources.dll": {},
          "tools/net9.0/any/BuildHost-net472/de/System.CommandLine.resources.dll": {},
          "tools/net9.0/any/BuildHost-net472/es/System.CommandLine.resources.dll": {},
          "tools/net9.0/any/BuildHost-net472/fr/System.CommandLine.resources.dll": {},
          "tools/net9.0/any/BuildHost-net472/it/System.CommandLine.resources.dll": {},
          "tools/net9.0/any/BuildHost-net472/ja/System.CommandLine.resources.dll": {},
          "tools/net9.0/any/BuildHost-net472/ko/System.CommandLine.resources.dll": {},
          "tools/net9.0/any/BuildHost-net472/pl/System.CommandLine.resources.dll": {},
          "tools/net9.0/any/BuildHost-net472/pt-BR/System.CommandLine.resources.dll": {},
          "tools/net9.0/any/BuildHost-net472/ru/System.CommandLine.resources.dll": {},
          "tools/net9.0/any/BuildHost-net472/tr/System.CommandLine.resources.dll": {},
          "tools/net9.0/any/BuildHost-net472/zh-Hans/System.CommandLine.resources.dll": {},
          "tools/net9.0/any/BuildHost-net472/zh-Hant/System.CommandLine.resources.dll": {},
          "tools/net9.0/any/BuildHost-netcore/Microsoft.Build.Locator.dll": {},
          "tools/net9.0/any/BuildHost-netcore/Microsoft.CodeAnalysis.Workspaces.MSBuild.BuildHost.deps.json": {},
          "tools/net9.0/any/BuildHost-netcore/Microsoft.CodeAnalysis.Workspaces.MSBuild.BuildHost.dll": {},
          "tools/net9.0/any/BuildHost-netcore/Microsoft.CodeAnalysis.Workspaces.MSBuild.BuildHost.dll.config": {},
          "tools/net9.0/any/BuildHost-netcore/Microsoft.CodeAnalysis.Workspaces.MSBuild.BuildHost.runtimeconfig.json": {},
          "tools/net9.0/any/BuildHost-netcore/Newtonsoft.Json.dll": {},
          "tools/net9.0/any/BuildHost-netcore/System.Collections.Immutable.dll": {},
          "tools/net9.0/any/BuildHost-netcore/System.CommandLine.dll": {},
          "tools/net9.0/any/BuildHost-netcore/cs/System.CommandLine.resources.dll": {},
          "tools/net9.0/any/BuildHost-netcore/de/System.CommandLine.resources.dll": {},
          "tools/net9.0/any/BuildHost-netcore/es/System.CommandLine.resources.dll": {},
          "tools/net9.0/any/BuildHost-netcore/fr/System.CommandLine.resources.dll": {},
          "tools/net9.0/any/BuildHost-netcore/it/System.CommandLine.resources.dll": {},
          "tools/net9.0/any/BuildHost-netcore/ja/System.CommandLine.resources.dll": {},
          "tools/net9.0/any/BuildHost-netcore/ko/System.CommandLine.resources.dll": {},
          "tools/net9.0/any/BuildHost-netcore/pl/System.CommandLine.resources.dll": {},
          "tools/net9.0/any/BuildHost-netcore/pt-BR/System.CommandLine.resources.dll": {},
          "tools/net9.0/any/BuildHost-netcore/ru/System.CommandLine.resources.dll": {},
          "tools/net9.0/any/BuildHost-netcore/tr/System.CommandLine.resources.dll": {},
          "tools/net9.0/any/BuildHost-netcore/zh-Hans/System.CommandLine.resources.dll": {},
          "tools/net9.0/any/BuildHost-netcore/zh-Hant/System.CommandLine.resources.dll": {},
          "tools/net9.0/any/CommandLine.dll": {},
          "tools/net9.0/any/DotMarkdown.dll": {},
          "tools/net9.0/any/DotnetToolSettings.xml": {},
          "tools/net9.0/any/Humanizer.dll": {},
          "tools/net9.0/any/Microsoft.Build.Framework.dll": {},
          "tools/net9.0/any/Microsoft.Build.Locator.dll": {},
          "tools/net9.0/any/Microsoft.Build.Tasks.Core.dll": {},
          "tools/net9.0/any/Microsoft.Build.Utilities.Core.dll": {},
          "tools/net9.0/any/Microsoft.CodeAnalysis.CSharp.Workspaces.dll": {},
          "tools/net9.0/any/Microsoft.CodeAnalysis.CSharp.dll": {},
          "tools/net9.0/any/Microsoft.CodeAnalysis.ExternalAccess.RazorCompiler.dll": {},
          "tools/net9.0/any/Microsoft.CodeAnalysis.VisualBasic.Workspaces.dll": {},
          "tools/net9.0/any/Microsoft.CodeAnalysis.VisualBasic.dll": {},
          "tools/net9.0/any/Microsoft.CodeAnalysis.Workspaces.MSBuild.dll": {},
          "tools/net9.0/any/Microsoft.CodeAnalysis.Workspaces.dll": {},
          "tools/net9.0/any/Microsoft.CodeAnalysis.dll": {},
          "tools/net9.0/any/Microsoft.Extensions.DependencyInjection.Abstractions.dll": {},
          "tools/net9.0/any/Microsoft.Extensions.DependencyInjection.dll": {},
          "tools/net9.0/any/Microsoft.Extensions.FileSystemGlobbing.dll": {},
          "tools/net9.0/any/Microsoft.Extensions.Logging.Abstractions.dll": {},
          "tools/net9.0/any/Microsoft.Extensions.Logging.dll": {},
          "tools/net9.0/any/Microsoft.Extensions.Options.dll": {},
          "tools/net9.0/any/Microsoft.Extensions.Primitives.dll": {},
          "tools/net9.0/any/Microsoft.NET.StringTools.dll": {},
          "tools/net9.0/any/Microsoft.VisualStudio.Setup.Configuration.Interop.dll": {},
          "tools/net9.0/any/Newtonsoft.Json.dll": {},
          "tools/net9.0/any/Roslynator.deps.json": {},
          "tools/net9.0/any/Roslynator.dll": {},
          "tools/net9.0/any/Roslynator.dll.config": {},
          "tools/net9.0/any/Roslynator.pdb": {},
          "tools/net9.0/any/Roslynator.runtimeconfig.json": {},
          "tools/net9.0/any/Roslynator_Cli_Roslynator.CSharp.Workspaces.dll": {},
          "tools/net9.0/any/Roslynator_Cli_Roslynator.CSharp.Workspaces.dll.config": {},
          "tools/net9.0/any/Roslynator_Cli_Roslynator.CSharp.Workspaces.pdb": {},
          "tools/net9.0/any/Roslynator_Cli_Roslynator.CSharp.Workspaces.xml": {},
          "tools/net9.0/any/Roslynator_Cli_Roslynator.CSharp.dll": {},
          "tools/net9.0/any/Roslynator_Cli_Roslynator.CSharp.dll.config": {},
          "tools/net9.0/any/Roslynator_Cli_Roslynator.CSharp.pdb": {},
          "tools/net9.0/any/Roslynator_Cli_Roslynator.CSharp.xml": {},
          "tools/net9.0/any/Roslynator_Cli_Roslynator.Core.dll": {},
          "tools/net9.0/any/Roslynator_Cli_Roslynator.Core.pdb": {},
          "tools/net9.0/any/Roslynator_Cli_Roslynator.Core.xml": {},
          "tools/net9.0/any/Roslynator_Cli_Roslynator.Documentation.dll": {},
          "tools/net9.0/any/Roslynator_Cli_Roslynator.Documentation.pdb": {},
          "tools/net9.0/any/Roslynator_Cli_Roslynator.Documentation.xml": {},
          "tools/net9.0/any/Roslynator_Cli_Roslynator.VisualBasic.Workspaces.dll": {},
          "tools/net9.0/any/Roslynator_Cli_Roslynator.VisualBasic.Workspaces.dll.config": {},
          "tools/net9.0/any/Roslynator_Cli_Roslynator.VisualBasic.Workspaces.pdb": {},
          "tools/net9.0/any/Roslynator_Cli_Roslynator.VisualBasic.dll": {},
          "tools/net9.0/any/Roslynator_Cli_Roslynator.VisualBasic.pdb": {},
          "tools/net9.0/any/Roslynator_Cli_Roslynator.Workspaces.Core.dll": {},
          "tools/net9.0/any/Roslynator_Cli_Roslynator.Workspaces.Core.dll.config": {},
          "tools/net9.0/any/Roslynator_Cli_Roslynator.Workspaces.Core.pdb": {},
          "tools/net9.0/any/Roslynator_Cli_Roslynator.Workspaces.Core.xml": {},
          "tools/net9.0/any/System.CodeDom.dll": {},
          "tools/net9.0/any/System.Composition.AttributedModel.dll": {},
          "tools/net9.0/any/System.Composition.Convention.dll": {},
          "tools/net9.0/any/System.Composition.Hosting.dll": {},
          "tools/net9.0/any/System.Composition.Runtime.dll": {},
          "tools/net9.0/any/System.Composition.TypedParts.dll": {},
          "tools/net9.0/any/System.Configuration.ConfigurationManager.dll": {},
          "tools/net9.0/any/System.Diagnostics.EventLog.dll": {},
          "tools/net9.0/any/System.Formats.Nrbf.dll": {},
          "tools/net9.0/any/System.Reflection.MetadataLoadContext.dll": {},
          "tools/net9.0/any/System.Resources.Extensions.dll": {},
          "tools/net9.0/any/System.Security.Cryptography.Pkcs.dll": {},
          "tools/net9.0/any/System.Security.Cryptography.ProtectedData.dll": {},
          "tools/net9.0/any/System.Security.Cryptography.Xml.dll": {},
          "tools/net9.0/any/System.Security.Permissions.dll": {},
          "tools/net9.0/any/System.Windows.Extensions.dll": {},
          "tools/net9.0/any/cs/Microsoft.CodeAnalysis.CSharp.Workspaces.resources.dll": {},
          "tools/net9.0/any/cs/Microsoft.CodeAnalysis.CSharp.resources.dll": {},
          "tools/net9.0/any/cs/Microsoft.CodeAnalysis.VisualBasic.Workspaces.resources.dll": {},
          "tools/net9.0/any/cs/Microsoft.CodeAnalysis.VisualBasic.resources.dll": {},
          "tools/net9.0/any/cs/Microsoft.CodeAnalysis.Workspaces.MSBuild.resources.dll": {},
          "tools/net9.0/any/cs/Microsoft.CodeAnalysis.Workspaces.resources.dll": {},
          "tools/net9.0/any/cs/Microsoft.CodeAnalysis.resources.dll": {},
          "tools/net9.0/any/de/Microsoft.CodeAnalysis.CSharp.Workspaces.resources.dll": {},
          "tools/net9.0/any/de/Microsoft.CodeAnalysis.CSharp.resources.dll": {},
          "tools/net9.0/any/de/Microsoft.CodeAnalysis.VisualBasic.Workspaces.resources.dll": {},
          "tools/net9.0/any/de/Microsoft.CodeAnalysis.VisualBasic.resources.dll": {},
          "tools/net9.0/any/de/Microsoft.CodeAnalysis.Workspaces.MSBuild.resources.dll": {},
          "tools/net9.0/any/de/Microsoft.CodeAnalysis.Workspaces.resources.dll": {},
          "tools/net9.0/any/de/Microsoft.CodeAnalysis.resources.dll": {},
          "tools/net9.0/any/es/Microsoft.CodeAnalysis.CSharp.Workspaces.resources.dll": {},
          "tools/net9.0/any/es/Microsoft.CodeAnalysis.CSharp.resources.dll": {},
          "tools/net9.0/any/es/Microsoft.CodeAnalysis.VisualBasic.Workspaces.resources.dll": {},
          "tools/net9.0/any/es/Microsoft.CodeAnalysis.VisualBasic.resources.dll": {},
          "tools/net9.0/any/es/Microsoft.CodeAnalysis.Workspaces.MSBuild.resources.dll": {},
          "tools/net9.0/any/es/Microsoft.CodeAnalysis.Workspaces.resources.dll": {},
          "tools/net9.0/any/es/Microsoft.CodeAnalysis.resources.dll": {},
          "tools/net9.0/any/fr/Microsoft.CodeAnalysis.CSharp.Workspaces.resources.dll": {},
          "tools/net9.0/any/fr/Microsoft.CodeAnalysis.CSharp.resources.dll": {},
          "tools/net9.0/any/fr/Microsoft.CodeAnalysis.VisualBasic.Workspaces.resources.dll": {},
          "tools/net9.0/any/fr/Microsoft.CodeAnalysis.VisualBasic.resources.dll": {},
          "tools/net9.0/any/fr/Microsoft.CodeAnalysis.Workspaces.MSBuild.resources.dll": {},
          "tools/net9.0/any/fr/Microsoft.CodeAnalysis.Workspaces.resources.dll": {},
          "tools/net9.0/any/fr/Microsoft.CodeAnalysis.resources.dll": {},
          "tools/net9.0/any/it/Microsoft.CodeAnalysis.CSharp.Workspaces.resources.dll": {},
          "tools/net9.0/any/it/Microsoft.CodeAnalysis.CSharp.resources.dll": {},
          "tools/net9.0/any/it/Microsoft.CodeAnalysis.VisualBasic.Workspaces.resources.dll": {},
          "tools/net9.0/any/it/Microsoft.CodeAnalysis.VisualBasic.resources.dll": {},
          "tools/net9.0/any/it/Microsoft.CodeAnalysis.Workspaces.MSBuild.resources.dll": {},
          "tools/net9.0/any/it/Microsoft.CodeAnalysis.Workspaces.resources.dll": {},
          "tools/net9.0/any/it/Microsoft.CodeAnalysis.resources.dll": {},
          "tools/net9.0/any/ja/Microsoft.CodeAnalysis.CSharp.Workspaces.resources.dll": {},
          "tools/net9.0/any/ja/Microsoft.CodeAnalysis.CSharp.resources.dll": {},
          "tools/net9.0/any/ja/Microsoft.CodeAnalysis.VisualBasic.Workspaces.resources.dll": {},
          "tools/net9.0/any/ja/Microsoft.CodeAnalysis.VisualBasic.resources.dll": {},
          "tools/net9.0/any/ja/Microsoft.CodeAnalysis.Workspaces.MSBuild.resources.dll": {},
          "tools/net9.0/any/ja/Microsoft.CodeAnalysis.Workspaces.resources.dll": {},
          "tools/net9.0/any/ja/Microsoft.CodeAnalysis.resources.dll": {},
          "tools/net9.0/any/ko/Microsoft.CodeAnalysis.CSharp.Workspaces.resources.dll": {},
          "tools/net9.0/any/ko/Microsoft.CodeAnalysis.CSharp.resources.dll": {},
          "tools/net9.0/any/ko/Microsoft.CodeAnalysis.VisualBasic.Workspaces.resources.dll": {},
          "tools/net9.0/any/ko/Microsoft.CodeAnalysis.VisualBasic.resources.dll": {},
          "tools/net9.0/any/ko/Microsoft.CodeAnalysis.Workspaces.MSBuild.resources.dll": {},
          "tools/net9.0/any/ko/Microsoft.CodeAnalysis.Workspaces.resources.dll": {},
          "tools/net9.0/any/ko/Microsoft.CodeAnalysis.resources.dll": {},
          "tools/net9.0/any/pl/Microsoft.CodeAnalysis.CSharp.Workspaces.resources.dll": {},
          "tools/net9.0/any/pl/Microsoft.CodeAnalysis.CSharp.resources.dll": {},
          "tools/net9.0/any/pl/Microsoft.CodeAnalysis.VisualBasic.Workspaces.resources.dll": {},
          "tools/net9.0/any/pl/Microsoft.CodeAnalysis.VisualBasic.resources.dll": {},
          "tools/net9.0/any/pl/Microsoft.CodeAnalysis.Workspaces.MSBuild.resources.dll": {},
          "tools/net9.0/any/pl/Microsoft.CodeAnalysis.Workspaces.resources.dll": {},
          "tools/net9.0/any/pl/Microsoft.CodeAnalysis.resources.dll": {},
          "tools/net9.0/any/pt-BR/Microsoft.CodeAnalysis.CSharp.Workspaces.resources.dll": {},
          "tools/net9.0/any/pt-BR/Microsoft.CodeAnalysis.CSharp.resources.dll": {},
          "tools/net9.0/any/pt-BR/Microsoft.CodeAnalysis.VisualBasic.Workspaces.resources.dll": {},
          "tools/net9.0/any/pt-BR/Microsoft.CodeAnalysis.VisualBasic.resources.dll": {},
          "tools/net9.0/any/pt-BR/Microsoft.CodeAnalysis.Workspaces.MSBuild.resources.dll": {},
          "tools/net9.0/any/pt-BR/Microsoft.CodeAnalysis.Workspaces.resources.dll": {},
          "tools/net9.0/any/pt-BR/Microsoft.CodeAnalysis.resources.dll": {},
          "tools/net9.0/any/ru/Microsoft.CodeAnalysis.CSharp.Workspaces.resources.dll": {},
          "tools/net9.0/any/ru/Microsoft.CodeAnalysis.CSharp.resources.dll": {},
          "tools/net9.0/any/ru/Microsoft.CodeAnalysis.VisualBasic.Workspaces.resources.dll": {},
          "tools/net9.0/any/ru/Microsoft.CodeAnalysis.VisualBasic.resources.dll": {},
          "tools/net9.0/any/ru/Microsoft.CodeAnalysis.Workspaces.MSBuild.resources.dll": {},
          "tools/net9.0/any/ru/Microsoft.CodeAnalysis.Workspaces.resources.dll": {},
          "tools/net9.0/any/ru/Microsoft.CodeAnalysis.resources.dll": {},
          "tools/net9.0/any/runtimes/win/lib/net7.0/System.Security.Cryptography.Pkcs.dll": {},
          "tools/net9.0/any/runtimes/win/lib/net9.0/System.Diagnostics.EventLog.Messages.dll": {},
          "tools/net9.0/any/runtimes/win/lib/net9.0/System.Diagnostics.EventLog.dll": {},
          "tools/net9.0/any/runtimes/win/lib/net9.0/System.Windows.Extensions.dll": {},
          "tools/net9.0/any/tr/Microsoft.CodeAnalysis.CSharp.Workspaces.resources.dll": {},
          "tools/net9.0/any/tr/Microsoft.CodeAnalysis.CSharp.resources.dll": {},
          "tools/net9.0/any/tr/Microsoft.CodeAnalysis.VisualBasic.Workspaces.resources.dll": {},
          "tools/net9.0/any/tr/Microsoft.CodeAnalysis.VisualBasic.resources.dll": {},
          "tools/net9.0/any/tr/Microsoft.CodeAnalysis.Workspaces.MSBuild.resources.dll": {},
          "tools/net9.0/any/tr/Microsoft.CodeAnalysis.Workspaces.resources.dll": {},
          "tools/net9.0/any/tr/Microsoft.CodeAnalysis.resources.dll": {},
          "tools/net9.0/any/zh-Hans/Microsoft.CodeAnalysis.CSharp.Workspaces.resources.dll": {},
          "tools/net9.0/any/zh-Hans/Microsoft.CodeAnalysis.CSharp.resources.dll": {},
          "tools/net9.0/any/zh-Hans/Microsoft.CodeAnalysis.VisualBasic.Workspaces.resources.dll": {},
          "tools/net9.0/any/zh-Hans/Microsoft.CodeAnalysis.VisualBasic.resources.dll": {},
          "tools/net9.0/any/zh-Hans/Microsoft.CodeAnalysis.Workspaces.MSBuild.resources.dll": {},
          "tools/net9.0/any/zh-Hans/Microsoft.CodeAnalysis.Workspaces.resources.dll": {},
          "tools/net9.0/any/zh-Hans/Microsoft.CodeAnalysis.resources.dll": {},
          "tools/net9.0/any/zh-Hant/Microsoft.CodeAnalysis.CSharp.Workspaces.resources.dll": {},
          "tools/net9.0/any/zh-Hant/Microsoft.CodeAnalysis.CSharp.resources.dll": {},
          "tools/net9.0/any/zh-Hant/Microsoft.CodeAnalysis.VisualBasic.Workspaces.resources.dll": {},
          "tools/net9.0/any/zh-Hant/Microsoft.CodeAnalysis.VisualBasic.resources.dll": {},
          "tools/net9.0/any/zh-Hant/Microsoft.CodeAnalysis.Workspaces.MSBuild.resources.dll": {},
          "tools/net9.0/any/zh-Hant/Microsoft.CodeAnalysis.Workspaces.resources.dll": {},
          "tools/net9.0/any/zh-Hant/Microsoft.CodeAnalysis.resources.dll": {}
        }
      }
    }
  },
  "libraries": {},
  "projectFileDependencyGroups": {}
}